{
  "version": 4,
  "terraform_version": "1.13.3",
  "serial": 26,
  "lineage": "1a857709-517a-1a6e-b79b-debc4e7bff8e",
  "outputs": {
    "environment_variables": {
      "value": {
        "COGNITO_CLIENT_ID": null,
        "COGNITO_USER_POOL_ID": null,
        "DB_SECRET_ARN": "arn:aws:secretsmanager:us-east-1:000000000000:secret:eventpro-db-secret-fpnyYW",
        "NOTIFICATION_QUEUE_URL": "http://sqs.us-east-1.localhost.localstack.cloud:4566/000000000000/notification-queue",
        "ORDER_QUEUE_URL": "http://sqs.us-east-1.localhost.localstack.cloud:4566/000000000000/order-queue",
        "PAYMENT_QUEUE_URL": "http://sqs.us-east-1.localhost.localstack.cloud:4566/000000000000/payment-queue",
        "S3_BUCKET_NAME": "eventpro-images-local"
      },
      "type": [
        "object",
        {
          "COGNITO_CLIENT_ID": "dynamic",
          "COGNITO_USER_POOL_ID": "dynamic",
          "DB_SECRET_ARN": "string",
          "NOTIFICATION_QUEUE_URL": "string",
          "ORDER_QUEUE_URL": "string",
          "PAYMENT_QUEUE_URL": "string",
          "S3_BUCKET_NAME": "string"
        }
      ]
    },
    "s3_images_bucket_arn": {
      "value": "arn:aws:s3:::eventpro-images-local",
      "type": "string"
    },
    "s3_images_bucket_name": {
      "value": "eventpro-images-local",
      "type": "string"
    },
    "secrets_manager_database_secret_arn": {
      "value": "arn:aws:secretsmanager:us-east-1:000000000000:secret:eventpro-db-secret-fpnyYW",
      "type": "string"
    },
    "secrets_manager_jwt_secret_arn": {
      "value": "arn:aws:secretsmanager:us-east-1:000000000000:secret:eventpro-jwt-secret-MqFpyM",
      "type": "string"
    },
    "secrets_manager_stripe_secret_arn": {
      "value": "arn:aws:secretsmanager:us-east-1:000000000000:secret:eventpro-stripe-keys-jpQqCu",
      "type": "string"
    },
    "sqs_notification_queue_url": {
      "value": "http://sqs.us-east-1.localhost.localstack.cloud:4566/000000000000/notification-queue",
      "type": "string"
    },
    "sqs_order_queue_url": {
      "value": "http://sqs.us-east-1.localhost.localstack.cloud:4566/000000000000/order-queue",
      "type": "string"
    },
    "sqs_payment_queue_url": {
      "value": "http://sqs.us-east-1.localhost.localstack.cloud:4566/000000000000/payment-queue",
      "type": "string"
    }
  },
  "resources": [
    {
      "mode": "managed",
      "type": "aws_s3_bucket",
      "name": "images",
      "provider": "provider[\"registry.terraform.io/hashicorp/aws\"]",
      "instances": [
        {
          "schema_version": 0,
          "attributes": {
            "acceleration_status": "",
            "acl": null,
            "arn": "arn:aws:s3:::eventpro-images-local",
            "bucket": "eventpro-images-local",
            "bucket_domain_name": "eventpro-images-local.s3.amazonaws.com",
            "bucket_prefix": "",
            "bucket_region": "us-east-1",
            "bucket_regional_domain_name": "eventpro-images-local.s3.us-east-1.amazonaws.com",
            "cors_rule": [],
            "force_destroy": true,
            "grant": [
              {
                "id": "75aa57f09aa0c8caeab4f8c24e99d10f8e7faeebf76c078efc7c6caea54ba06a",
                "permissions": [
                  "FULL_CONTROL"
                ],
                "type": "CanonicalUser",
                "uri": ""
              }
            ],
            "hosted_zone_id": "Z3AQBSTGFYJSTF",
            "id": "eventpro-images-local",
            "lifecycle_rule": [],
            "logging": [],
            "object_lock_configuration": [],
            "object_lock_enabled": false,
            "policy": "",
            "region": "us-east-1",
            "replication_configuration": [],
            "request_payer": "BucketOwner",
            "server_side_encryption_configuration": [
              {
                "rule": [
                  {
                    "apply_server_side_encryption_by_default": [
                      {
                        "kms_master_key_id": "",
                        "sse_algorithm": "AES256"
                      }
                    ],
                    "bucket_key_enabled": false
                  }
                ]
              }
            ],
            "tags": {
              "Environment": "local",
              "Name": "eventpro-images-local",
              "Purpose": "Event images storage"
            },
            "tags_all": {
              "Environment": "local",
              "Name": "eventpro-images-local",
              "Purpose": "Event images storage"
            },
            "timeouts": null,
            "versioning": [
              {
                "enabled": false,
                "mfa_delete": false
              }
            ],
            "website": [],
            "website_domain": null,
            "website_endpoint": null
          },
          "sensitive_attributes": [],
          "identity_schema_version": 0,
          "identity": {
            "account_id": "",
            "bucket": "eventpro-images-local",
            "region": "us-east-1"
          },
          "private": "eyJlMmJmYjczMC1lY2FhLTExZTYtOGY4OC0zNDM2M2JjN2M0YzAiOnsiY3JlYXRlIjoxMjAwMDAwMDAwMDAwLCJkZWxldGUiOjM2MDAwMDAwMDAwMDAsInJlYWQiOjEyMDAwMDAwMDAwMDAsInVwZGF0ZSI6MTIwMDAwMDAwMDAwMH19"
        }
      ]
    },
    {
      "mode": "managed",
      "type": "aws_s3_bucket_cors_configuration",
      "name": "images",
      "provider": "provider[\"registry.terraform.io/hashicorp/aws\"]",
      "instances": [
        {
          "schema_version": 0,
          "attributes": {
            "bucket": "eventpro-images-local",
            "cors_rule": [
              {
                "allowed_headers": [
                  "*"
                ],
                "allowed_methods": [
                  "DELETE",
                  "GET",
                  "HEAD",
                  "POST",
                  "PUT"
                ],
                "allowed_origins": [
                  "http://localhost:3000",
                  "http://localhost:5173"
                ],
                "expose_headers": [
                  "ETag"
                ],
                "id": "",
                "max_age_seconds": 3000
              }
            ],
            "expected_bucket_owner": "",
            "id": "eventpro-images-local",
            "region": "us-east-1"
          },
          "sensitive_attributes": [],
          "identity_schema_version": 0,
          "identity": {
            "account_id": "",
            "bucket": "eventpro-images-local",
            "expected_bucket_owner": null,
            "region": "us-east-1"
          },
          "private": "bnVsbA==",
          "dependencies": [
            "aws_s3_bucket.images"
          ]
        }
      ]
    },
    {
      "mode": "managed",
      "type": "aws_s3_bucket_policy",
      "name": "images",
      "provider": "provider[\"registry.terraform.io/hashicorp/aws\"]",
      "instances": [
        {
          "schema_version": 0,
          "attributes": {
            "bucket": "eventpro-images-local",
            "id": "eventpro-images-local",
            "policy": "{\"Statement\":[{\"Action\":\"s3:GetObject\",\"Effect\":\"Allow\",\"Principal\":\"*\",\"Resource\":\"arn:aws:s3:::eventpro-images-local/*\",\"Sid\":\"PublicReadGetObject\"}],\"Version\":\"2012-10-17\"}",
            "region": "us-east-1"
          },
          "sensitive_attributes": [],
          "identity_schema_version": 0,
          "identity": {
            "account_id": "",
            "bucket": "eventpro-images-local",
            "region": "us-east-1"
          },
          "private": "bnVsbA==",
          "dependencies": [
            "aws_s3_bucket.images"
          ]
        }
      ]
    },
    {
      "mode": "managed",
      "type": "aws_s3_bucket_public_access_block",
      "name": "images",
      "provider": "provider[\"registry.terraform.io/hashicorp/aws\"]",
      "instances": [
        {
          "schema_version": 0,
          "attributes": {
            "block_public_acls": false,
            "block_public_policy": false,
            "bucket": "eventpro-images-local",
            "id": "eventpro-images-local",
            "ignore_public_acls": false,
            "region": "us-east-1",
            "restrict_public_buckets": false,
            "skip_destroy": null
          },
          "sensitive_attributes": [],
          "identity_schema_version": 0,
          "identity": {
            "account_id": "",
            "bucket": "eventpro-images-local",
            "region": "us-east-1"
          },
          "private": "bnVsbA==",
          "dependencies": [
            "aws_s3_bucket.images"
          ]
        }
      ]
    },
    {
      "mode": "managed",
      "type": "aws_secretsmanager_secret",
      "name": "database",
      "provider": "provider[\"registry.terraform.io/hashicorp/aws\"]",
      "instances": [
        {
          "schema_version": 0,
          "attributes": {
            "arn": "arn:aws:secretsmanager:us-east-1:000000000000:secret:eventpro-db-secret-fpnyYW",
            "description": "Database credentials for local development",
            "force_overwrite_replica_secret": false,
            "id": "arn:aws:secretsmanager:us-east-1:000000000000:secret:eventpro-db-secret-fpnyYW",
            "kms_key_id": "",
            "name": "eventpro-db-secret",
            "name_prefix": "",
            "policy": "",
            "recovery_window_in_days": 30,
            "region": "us-east-1",
            "replica": [],
            "tags": {
              "Environment": "local",
              "Name": "eventpro-db-secret"
            },
            "tags_all": {
              "Environment": "local",
              "Name": "eventpro-db-secret"
            }
          },
          "sensitive_attributes": [],
          "identity_schema_version": 0,
          "identity": {
            "arn": "arn:aws:secretsmanager:us-east-1:000000000000:secret:eventpro-db-secret-fpnyYW"
          },
          "private": "bnVsbA=="
        }
      ]
    },
    {
      "mode": "managed",
      "type": "aws_secretsmanager_secret",
      "name": "jwt",
      "provider": "provider[\"registry.terraform.io/hashicorp/aws\"]",
      "instances": [
        {
          "schema_version": 0,
          "attributes": {
            "arn": "arn:aws:secretsmanager:us-east-1:000000000000:secret:eventpro-jwt-secret-MqFpyM",
            "description": "JWT secret key for local development",
            "force_overwrite_replica_secret": false,
            "id": "arn:aws:secretsmanager:us-east-1:000000000000:secret:eventpro-jwt-secret-MqFpyM",
            "kms_key_id": "",
            "name": "eventpro-jwt-secret",
            "name_prefix": "",
            "policy": "",
            "recovery_window_in_days": 30,
            "region": "us-east-1",
            "replica": [],
            "tags": {
              "Environment": "local",
              "Name": "eventpro-jwt-secret"
            },
            "tags_all": {
              "Environment": "local",
              "Name": "eventpro-jwt-secret"
            }
          },
          "sensitive_attributes": [],
          "identity_schema_version": 0,
          "identity": {
            "arn": "arn:aws:secretsmanager:us-east-1:000000000000:secret:eventpro-jwt-secret-MqFpyM"
          },
          "private": "bnVsbA=="
        }
      ]
    },
    {
      "mode": "managed",
      "type": "aws_secretsmanager_secret",
      "name": "stripe",
      "provider": "provider[\"registry.terraform.io/hashicorp/aws\"]",
      "instances": [
        {
          "schema_version": 0,
          "attributes": {
            "arn": "arn:aws:secretsmanager:us-east-1:000000000000:secret:eventpro-stripe-keys-jpQqCu",
            "description": "Stripe API keys for local development",
            "force_overwrite_replica_secret": false,
            "id": "arn:aws:secretsmanager:us-east-1:000000000000:secret:eventpro-stripe-keys-jpQqCu",
            "kms_key_id": "",
            "name": "eventpro-stripe-keys",
            "name_prefix": "",
            "policy": "",
            "recovery_window_in_days": 30,
            "region": "us-east-1",
            "replica": [],
            "tags": {
              "Environment": "local",
              "Name": "eventpro-stripe-keys"
            },
            "tags_all": {
              "Environment": "local",
              "Name": "eventpro-stripe-keys"
            }
          },
          "sensitive_attributes": [],
          "identity_schema_version": 0,
          "identity": {
            "arn": "arn:aws:secretsmanager:us-east-1:000000000000:secret:eventpro-stripe-keys-jpQqCu"
          },
          "private": "bnVsbA=="
        }
      ]
    },
    {
      "mode": "managed",
      "type": "aws_secretsmanager_secret_version",
      "name": "database",
      "provider": "provider[\"registry.terraform.io/hashicorp/aws\"]",
      "instances": [
        {
          "schema_version": 0,
          "attributes": {
            "arn": "arn:aws:secretsmanager:us-east-1:000000000000:secret:eventpro-db-secret-fpnyYW",
            "has_secret_string_wo": null,
            "id": "arn:aws:secretsmanager:us-east-1:000000000000:secret:eventpro-db-secret-fpnyYW|terraform-20251121180318654400000004",
            "region": "us-east-1",
            "secret_binary": "",
            "secret_id": "arn:aws:secretsmanager:us-east-1:000000000000:secret:eventpro-db-secret-fpnyYW",
            "secret_string": "{\"dbname\":\"eventpro\",\"host\":\"localhost\",\"password\":\"eventpro\",\"port\":\"5432\",\"username\":\"eventpro\"}",
            "secret_string_wo": null,
            "secret_string_wo_version": null,
            "version_id": "terraform-20251121180318654400000004",
            "version_stages": [
              "AWSCURRENT"
            ]
          },
          "sensitive_attributes": [
            [
              {
                "type": "get_attr",
                "value": "secret_binary"
              }
            ],
            [
              {
                "type": "get_attr",
                "value": "secret_string"
              }
            ],
            [
              {
                "type": "get_attr",
                "value": "secret_string_wo"
              }
            ]
          ],
          "identity_schema_version": 0,
          "identity": {
            "account_id": "",
            "region": "us-east-1",
            "secret_id": "arn:aws:secretsmanager:us-east-1:000000000000:secret:eventpro-db-secret-fpnyYW",
            "version_id": "terraform-20251121180318654400000004"
          },
          "private": "bnVsbA==",
          "dependencies": [
            "aws_secretsmanager_secret.database"
          ]
        }
      ]
    },
    {
      "mode": "managed",
      "type": "aws_secretsmanager_secret_version",
      "name": "jwt",
      "provider": "provider[\"registry.terraform.io/hashicorp/aws\"]",
      "instances": [
        {
          "schema_version": 0,
          "attributes": {
            "arn": "arn:aws:secretsmanager:us-east-1:000000000000:secret:eventpro-jwt-secret-MqFpyM",
            "has_secret_string_wo": null,
            "id": "arn:aws:secretsmanager:us-east-1:000000000000:secret:eventpro-jwt-secret-MqFpyM|terraform-20251121180318654400000005",
            "region": "us-east-1",
            "secret_binary": "",
            "secret_id": "arn:aws:secretsmanager:us-east-1:000000000000:secret:eventpro-jwt-secret-MqFpyM",
            "secret_string": "Dh7fjbnd2O2iSkqpYL/lz2nM3LE/8fC36iFNPHERysc=",
            "secret_string_wo": null,
            "secret_string_wo_version": null,
            "version_id": "terraform-20251121180318654400000005",
            "version_stages": [
              "AWSCURRENT"
            ]
          },
          "sensitive_attributes": [
            [
              {
                "type": "get_attr",
                "value": "secret_binary"
              }
            ],
            [
              {
                "type": "get_attr",
                "value": "secret_string"
              }
            ],
            [
              {
                "type": "get_attr",
                "value": "secret_string_wo"
              }
            ]
          ],
          "identity_schema_version": 0,
          "identity": {
            "account_id": "",
            "region": "us-east-1",
            "secret_id": "arn:aws:secretsmanager:us-east-1:000000000000:secret:eventpro-jwt-secret-MqFpyM",
            "version_id": "terraform-20251121180318654400000005"
          },
          "private": "bnVsbA==",
          "dependencies": [
            "aws_secretsmanager_secret.jwt"
          ]
        }
      ]
    },
    {
      "mode": "managed",
      "type": "aws_secretsmanager_secret_version",
      "name": "stripe",
      "provider": "provider[\"registry.terraform.io/hashicorp/aws\"]",
      "instances": [
        {
          "schema_version": 0,
          "attributes": {
            "arn": "arn:aws:secretsmanager:us-east-1:000000000000:secret:eventpro-stripe-keys-jpQqCu",
            "has_secret_string_wo": null,
            "id": "arn:aws:secretsmanager:us-east-1:000000000000:secret:eventpro-stripe-keys-jpQqCu|terraform-20251121180318654400000006",
            "region": "us-east-1",
            "secret_binary": "",
            "secret_id": "arn:aws:secretsmanager:us-east-1:000000000000:secret:eventpro-stripe-keys-jpQqCu",
            "secret_string": "{\"publishable_key\":\"pk_test_local\",\"secret_key\":\"sk_test_local\"}",
            "secret_string_wo": null,
            "secret_string_wo_version": null,
            "version_id": "terraform-20251121180318654400000006",
            "version_stages": [
              "AWSCURRENT"
            ]
          },
          "sensitive_attributes": [
            [
              {
                "type": "get_attr",
                "value": "secret_binary"
              }
            ],
            [
              {
                "type": "get_attr",
                "value": "secret_string"
              }
            ],
            [
              {
                "type": "get_attr",
                "value": "secret_string_wo"
              }
            ]
          ],
          "identity_schema_version": 0,
          "identity": {
            "account_id": "",
            "region": "us-east-1",
            "secret_id": "arn:aws:secretsmanager:us-east-1:000000000000:secret:eventpro-stripe-keys-jpQqCu",
            "version_id": "terraform-20251121180318654400000006"
          },
          "private": "bnVsbA==",
          "dependencies": [
            "aws_secretsmanager_secret.stripe"
          ]
        }
      ]
    },
    {
      "mode": "managed",
      "type": "aws_sqs_queue",
      "name": "notification_queue",
      "provider": "provider[\"registry.terraform.io/hashicorp/aws\"]",
      "instances": [
        {
          "schema_version": 0,
          "attributes": {
            "arn": "arn:aws:sqs:us-east-1:000000000000:notification-queue",
            "content_based_deduplication": false,
            "deduplication_scope": "",
            "delay_seconds": 0,
            "fifo_queue": false,
            "fifo_throughput_limit": "",
            "id": "http://sqs.us-east-1.localhost.localstack.cloud:4566/000000000000/notification-queue",
            "kms_data_key_reuse_period_seconds": 300,
            "kms_master_key_id": "",
            "max_message_size": 262144,
            "message_retention_seconds": 345600,
            "name": "notification-queue",
            "name_prefix": "",
            "policy": "",
            "receive_wait_time_seconds": 0,
            "redrive_allow_policy": "",
            "redrive_policy": "",
            "region": "us-east-1",
            "sqs_managed_sse_enabled": true,
            "tags": {
              "Environment": "local",
              "Name": "notification-queue",
              "Purpose": "Notification sending queue"
            },
            "tags_all": {
              "Environment": "local",
              "Name": "notification-queue",
              "Purpose": "Notification sending queue"
            },
            "timeouts": null,
            "url": "http://sqs.us-east-1.localhost.localstack.cloud:4566/000000000000/notification-queue",
            "visibility_timeout_seconds": 30
          },
          "sensitive_attributes": [],
          "identity_schema_version": 1,
          "identity": {
            "url": "http://sqs.us-east-1.localhost.localstack.cloud:4566/000000000000/notification-queue"
          },
          "private": "eyJlMmJmYjczMC1lY2FhLTExZTYtOGY4OC0zNDM2M2JjN2M0YzAiOnsiY3JlYXRlIjoxODAwMDAwMDAwMDAsImRlbGV0ZSI6MTgwMDAwMDAwMDAwLCJ1cGRhdGUiOjE4MDAwMDAwMDAwMH19"
        }
      ]
    },
    {
      "mode": "managed",
      "type": "aws_sqs_queue",
      "name": "order_queue",
      "provider": "provider[\"registry.terraform.io/hashicorp/aws\"]",
      "instances": [
        {
          "schema_version": 0,
          "attributes": {
            "arn": "arn:aws:sqs:us-east-1:000000000000:order-queue",
            "content_based_deduplication": false,
            "deduplication_scope": "",
            "delay_seconds": 0,
            "fifo_queue": false,
            "fifo_throughput_limit": "",
            "id": "http://sqs.us-east-1.localhost.localstack.cloud:4566/000000000000/order-queue",
            "kms_data_key_reuse_period_seconds": 300,
            "kms_master_key_id": "",
            "max_message_size": 262144,
            "message_retention_seconds": 345600,
            "name": "order-queue",
            "name_prefix": "",
            "policy": "",
            "receive_wait_time_seconds": 0,
            "redrive_allow_policy": "",
            "redrive_policy": "",
            "region": "us-east-1",
            "sqs_managed_sse_enabled": true,
            "tags": {
              "Environment": "local",
              "Name": "order-queue",
              "Purpose": "Order processing queue"
            },
            "tags_all": {
              "Environment": "local",
              "Name": "order-queue",
              "Purpose": "Order processing queue"
            },
            "timeouts": null,
            "url": "http://sqs.us-east-1.localhost.localstack.cloud:4566/000000000000/order-queue",
            "visibility_timeout_seconds": 30
          },
          "sensitive_attributes": [],
          "identity_schema_version": 1,
          "identity": {
            "url": "http://sqs.us-east-1.localhost.localstack.cloud:4566/000000000000/order-queue"
          },
          "private": "eyJlMmJmYjczMC1lY2FhLTExZTYtOGY4OC0zNDM2M2JjN2M0YzAiOnsiY3JlYXRlIjoxODAwMDAwMDAwMDAsImRlbGV0ZSI6MTgwMDAwMDAwMDAwLCJ1cGRhdGUiOjE4MDAwMDAwMDAwMH19"
        }
      ]
    },
    {
      "mode": "managed",
      "type": "aws_sqs_queue",
      "name": "payment_queue",
      "provider": "provider[\"registry.terraform.io/hashicorp/aws\"]",
      "instances": [
        {
          "schema_version": 0,
          "attributes": {
            "arn": "arn:aws:sqs:us-east-1:000000000000:payment-queue",
            "content_based_deduplication": false,
            "deduplication_scope": "",
            "delay_seconds": 0,
            "fifo_queue": false,
            "fifo_throughput_limit": "",
            "id": "http://sqs.us-east-1.localhost.localstack.cloud:4566/000000000000/payment-queue",
            "kms_data_key_reuse_period_seconds": 300,
            "kms_master_key_id": "",
            "max_message_size": 262144,
            "message_retention_seconds": 345600,
            "name": "payment-queue",
            "name_prefix": "",
            "policy": "",
            "receive_wait_time_seconds": 0,
            "redrive_allow_policy": "",
            "redrive_policy": "",
            "region": "us-east-1",
            "sqs_managed_sse_enabled": true,
            "tags": {
              "Environment": "local",
              "Name": "payment-queue",
              "Purpose": "Payment processing queue"
            },
            "tags_all": {
              "Environment": "local",
              "Name": "payment-queue",
              "Purpose": "Payment processing queue"
            },
            "timeouts": null,
            "url": "http://sqs.us-east-1.localhost.localstack.cloud:4566/000000000000/payment-queue",
            "visibility_timeout_seconds": 30
          },
          "sensitive_attributes": [],
          "identity_schema_version": 1,
          "identity": {
            "url": "http://sqs.us-east-1.localhost.localstack.cloud:4566/000000000000/payment-queue"
          },
          "private": "eyJlMmJmYjczMC1lY2FhLTExZTYtOGY4OC0zNDM2M2JjN2M0YzAiOnsiY3JlYXRlIjoxODAwMDAwMDAwMDAsImRlbGV0ZSI6MTgwMDAwMDAwMDAwLCJ1cGRhdGUiOjE4MDAwMDAwMDAwMH19"
        }
      ]
    }
  ],
  "check_results": null
}
